
Microsoft Visual Studio Solution File, Format Version 12.00
# Visual Studio Version 17
VisualStudioVersion = 17.7.34221.43
MinimumVisualStudioVersion = 10.0.40219.1
Project("{2150E333-8FDC-42A3-9474-1A3956D46DE8}") = "src", "src", "{FC06E1F3-D511-49EF-967E-1D23E45E428D}"
EndProject
Project("{2150E333-8FDC-42A3-9474-1A3956D46DE8}") = "test", "test", "{D5D18507-FAF0-4A2A-83D5-1BF01218C199}"
EndProject
Project("{2150E333-8FDC-42A3-9474-1A3956D46DE8}") = "01 - WebUI", "01 - WebUI", "{8A6AAE74-D70F-4439-908B-24EA392F2E16}"
EndProject
Project("{2150E333-8FDC-42A3-9474-1A3956D46DE8}") = "02 - API", "02 - API", "{ED3D951E-9105-4848-A63A-B06E311B4481}"
EndProject
Project("{FAE04EC0-301F-11D3-BF4B-00C04F79EFBC}") = "SalesReachAPI.Interface", "SalesReachAPI.Interface\SalesReachAPI.Interface.csproj", "{DEE490B9-8D20-47DC-8507-A095A9EB645B}"
EndProject
Project("{FAE04EC0-301F-11D3-BF4B-00C04F79EFBC}") = "SalesReach.Domain", "SalesReach.Domain\SalesReach.Domain.csproj", "{6BE4D71A-1FA9-479B-8BFC-69142D9F5115}"
EndProject
Project("{FAE04EC0-301F-11D3-BF4B-00C04F79EFBC}") = "SalesReach.Application", "SalesReach.Application\SalesReach.Application.csproj", "{288CEEFD-2372-433A-A655-E758C9FF353A}"
EndProject
Project("{FAE04EC0-301F-11D3-BF4B-00C04F79EFBC}") = "SalesReach.Infra.Data", "SalesReach.Infra.Data\SalesReach.Infra.Data.csproj", "{4F3670CA-5725-4BDC-BACB-DD279C0FED27}"
EndProject
Project("{FAE04EC0-301F-11D3-BF4B-00C04F79EFBC}") = "SalesReach.Infra.IoC", "SalesReach.Infra.IoC\SalesReach.Infra.IoC.csproj", "{AA121643-7132-40E6-BEB4-EDC2A49BBD94}"
EndProject
Global
	GlobalSection(SolutionConfigurationPlatforms) = preSolution
		Debug|Any CPU = Debug|Any CPU
		Release|Any CPU = Release|Any CPU
	EndGlobalSection
	GlobalSection(ProjectConfigurationPlatforms) = postSolution
		{DEE490B9-8D20-47DC-8507-A095A9EB645B}.Debug|Any CPU.ActiveCfg = Debug|Any CPU
		{DEE490B9-8D20-47DC-8507-A095A9EB645B}.Debug|Any CPU.Build.0 = Debug|Any CPU
		{DEE490B9-8D20-47DC-8507-A095A9EB645B}.Release|Any CPU.ActiveCfg = Release|Any CPU
		{DEE490B9-8D20-47DC-8507-A095A9EB645B}.Release|Any CPU.Build.0 = Release|Any CPU
		{6BE4D71A-1FA9-479B-8BFC-69142D9F5115}.Debug|Any CPU.ActiveCfg = Debug|Any CPU
		{6BE4D71A-1FA9-479B-8BFC-69142D9F5115}.Debug|Any CPU.Build.0 = Debug|Any CPU
		{6BE4D71A-1FA9-479B-8BFC-69142D9F5115}.Release|Any CPU.ActiveCfg = Release|Any CPU
		{6BE4D71A-1FA9-479B-8BFC-69142D9F5115}.Release|Any CPU.Build.0 = Release|Any CPU
		{288CEEFD-2372-433A-A655-E758C9FF353A}.Debug|Any CPU.ActiveCfg = Debug|Any CPU
		{288CEEFD-2372-433A-A655-E758C9FF353A}.Debug|Any CPU.Build.0 = Debug|Any CPU
		{288CEEFD-2372-433A-A655-E758C9FF353A}.Release|Any CPU.ActiveCfg = Release|Any CPU
		{288CEEFD-2372-433A-A655-E758C9FF353A}.Release|Any CPU.Build.0 = Release|Any CPU
		{4F3670CA-5725-4BDC-BACB-DD279C0FED27}.Debug|Any CPU.ActiveCfg = Debug|Any CPU
		{4F3670CA-5725-4BDC-BACB-DD279C0FED27}.Debug|Any CPU.Build.0 = Debug|Any CPU
		{4F3670CA-5725-4BDC-BACB-DD279C0FED27}.Release|Any CPU.ActiveCfg = Release|Any CPU
		{4F3670CA-5725-4BDC-BACB-DD279C0FED27}.Release|Any CPU.Build.0 = Release|Any CPU
		{AA121643-7132-40E6-BEB4-EDC2A49BBD94}.Debug|Any CPU.ActiveCfg = Debug|Any CPU
		{AA121643-7132-40E6-BEB4-EDC2A49BBD94}.Debug|Any CPU.Build.0 = Debug|Any CPU
		{AA121643-7132-40E6-BEB4-EDC2A49BBD94}.Release|Any CPU.ActiveCfg = Release|Any CPU
		{AA121643-7132-40E6-BEB4-EDC2A49BBD94}.Release|Any CPU.Build.0 = Release|Any CPU
	EndGlobalSection
	GlobalSection(SolutionProperties) = preSolution
		HideSolutionNode = FALSE
	EndGlobalSection
	GlobalSection(NestedProjects) = preSolution
		{8A6AAE74-D70F-4439-908B-24EA392F2E16} = {FC06E1F3-D511-49EF-967E-1D23E45E428D}
		{ED3D951E-9105-4848-A63A-B06E311B4481} = {FC06E1F3-D511-49EF-967E-1D23E45E428D}
		{DEE490B9-8D20-47DC-8507-A095A9EB645B} = {ED3D951E-9105-4848-A63A-B06E311B4481}
		{6BE4D71A-1FA9-479B-8BFC-69142D9F5115} = {ED3D951E-9105-4848-A63A-B06E311B4481}
		{288CEEFD-2372-433A-A655-E758C9FF353A} = {ED3D951E-9105-4848-A63A-B06E311B4481}
		{4F3670CA-5725-4BDC-BACB-DD279C0FED27} = {ED3D951E-9105-4848-A63A-B06E311B4481}
		{AA121643-7132-40E6-BEB4-EDC2A49BBD94} = {ED3D951E-9105-4848-A63A-B06E311B4481}
	EndGlobalSection
	GlobalSection(ExtensibilityGlobals) = postSolution
		SolutionGuid = {FCD75ABC-6667-4ABA-91F3-859FD718EF44}
	EndGlobalSection
EndGlobal
