
Microsoft Visual Studio Solution File, Format Version 12.00
# Visual Studio Version 17
VisualStudioVersion = 17.7.34221.43
MinimumVisualStudioVersion = 10.0.40219.1
Project("{2150E333-8FDC-42A3-9474-1A3956D46DE8}") = "src", "src", "{FC06E1F3-D511-49EF-967E-1D23E45E428D}"
EndProject
Project("{2150E333-8FDC-42A3-9474-1A3956D46DE8}") = "test", "test", "{D5D18507-FAF0-4A2A-83D5-1BF01218C199}"
EndProject
Project("{2150E333-8FDC-42A3-9474-1A3956D46DE8}") = "WebUI", "WebUI", "{8A6AAE74-D70F-4439-908B-24EA392F2E16}"
EndProject
Global
	GlobalSection(SolutionProperties) = preSolution
		HideSolutionNode = FALSE
	EndGlobalSection
	GlobalSection(NestedProjects) = preSolution
		{8A6AAE74-D70F-4439-908B-24EA392F2E16} = {FC06E1F3-D511-49EF-967E-1D23E45E428D}
	EndGlobalSection
	GlobalSection(ExtensibilityGlobals) = postSolution
		SolutionGuid = {FCD75ABC-6667-4ABA-91F3-859FD718EF44}
	EndGlobalSection
EndGlobal
